
Microsoft Visual Studio Solution File, Format Version 12.00
# Visual Studio 15
VisualStudioVersion = 15.0.28307.421
MinimumVisualStudioVersion = 10.0.40219.1
Project("{FAE04EC0-301F-11D3-BF4B-00C04F79EFBC}") = "Hola Mundo", "Hola Mundo\Hola Mundo.csproj", "{464C2476-1073-42AD-AEA8-0A09FFA6D3FB}"
EndProject
Global
	GlobalSection(SolutionConfigurationPlatforms) = preSolution
		Debug|Any CPU = Debug|Any CPU
		Release|Any CPU = Release|Any CPU
	EndGlobalSection
	GlobalSection(ProjectConfigurationPlatforms) = postSolution
		{464C2476-1073-42AD-AEA8-0A09FFA6D3FB}.Debug|Any CPU.ActiveCfg = Debug|Any CPU
		{464C2476-1073-42AD-AEA8-0A09FFA6D3FB}.Debug|Any CPU.Build.0 = Debug|Any CPU
		{464C2476-1073-42AD-AEA8-0A09FFA6D3FB}.Release|Any CPU.ActiveCfg = Release|Any CPU
		{464C2476-1073-42AD-AEA8-0A09FFA6D3FB}.Release|Any CPU.Build.0 = Release|Any CPU
	EndGlobalSection
	GlobalSection(SolutionProperties) = preSolution
		HideSolutionNode = FALSE
	EndGlobalSection
	GlobalSection(ExtensibilityGlobals) = postSolution
		SolutionGuid = {11F794EC-A85A-4A2B-9D9F-A87C9B24EE77}
	EndGlobalSection
EndGlobal
